// !$*UTF8*$!
{
	archiveVersion = 1;
	classes = {
	};
	objectVersion = 50;
	objects = {

/* Begin PBXBuildFile section */
		AFF5A4EF21B0ACE900F275DB /* AppDelegate.swift in Sources */ = {isa = PBXBuildFile; fileRef = AFF5A4EE21B0ACE900F275DB /* AppDelegate.swift */; };
		AFF5A4F121B0ACE900F275DB /* MainScreenViewController.swift in Sources */ = {isa = PBXBuildFile; fileRef = AFF5A4F021B0ACE900F275DB /* MainScreenViewController.swift */; };
		AFF5A4F421B0ACE900F275DB /* Main.storyboard in Resources */ = {isa = PBXBuildFile; fileRef = AFF5A4F221B0ACE900F275DB /* Main.storyboard */; };
		AFF5A4F621B0ACEA00F275DB /* Assets.xcassets in Resources */ = {isa = PBXBuildFile; fileRef = AFF5A4F521B0ACEA00F275DB /* Assets.xcassets */; };
		AFF5A4F921B0ACEA00F275DB /* LaunchScreen.storyboard in Resources */ = {isa = PBXBuildFile; fileRef = AFF5A4F721B0ACEA00F275DB /* LaunchScreen.storyboard */; };
		AFF5A50121B0BE4500F275DB /* Budget.swift in Sources */ = {isa = PBXBuildFile; fileRef = AFF5A50021B0BE4500F275DB /* Budget.swift */; };
		AFF5A50321B0C09600F275DB /* Transaction.swift in Sources */ = {isa = PBXBuildFile; fileRef = AFF5A50221B0C09600F275DB /* Transaction.swift */; };
		AFF5A50521B0CEF700F275DB /* Bank.swift in Sources */ = {isa = PBXBuildFile; fileRef = AFF5A50421B0CEF700F275DB /* Bank.swift */; };
		AFF5A50821B0D00800F275DB /* BudgetTableViewCell.swift in Sources */ = {isa = PBXBuildFile; fileRef = AFF5A50721B0D00800F275DB /* BudgetTableViewCell.swift */; };
		AFF5A50C21B0FCCF00F275DB /* CircleView.swift in Sources */ = {isa = PBXBuildFile; fileRef = AFF5A50B21B0FCCF00F275DB /* CircleView.swift */; };
/* End PBXBuildFile section */

/* Begin PBXFileReference section */
		AFF5A4EB21B0ACE900F275DB /* CollegeBudget.app */ = {isa = PBXFileReference; explicitFileType = wrapper.application; includeInIndex = 0; path = CollegeBudget.app; sourceTree = BUILT_PRODUCTS_DIR; };
		AFF5A4EE21B0ACE900F275DB /* AppDelegate.swift */ = {isa = PBXFileReference; lastKnownFileType = sourcecode.swift; path = AppDelegate.swift; sourceTree = "<group>"; };
		AFF5A4F021B0ACE900F275DB /* MainScreenViewController.swift */ = {isa = PBXFileReference; lastKnownFileType = sourcecode.swift; path = MainScreenViewController.swift; sourceTree = "<group>"; };
		AFF5A4F321B0ACE900F275DB /* Base */ = {isa = PBXFileReference; lastKnownFileType = file.storyboard; name = Base; path = Base.lproj/Main.storyboard; sourceTree = "<group>"; };
		AFF5A4F521B0ACEA00F275DB /* Assets.xcassets */ = {isa = PBXFileReference; lastKnownFileType = folder.assetcatalog; path = Assets.xcassets; sourceTree = "<group>"; };
		AFF5A4F821B0ACEA00F275DB /* Base */ = {isa = PBXFileReference; lastKnownFileType = file.storyboard; name = Base; path = Base.lproj/LaunchScreen.storyboard; sourceTree = "<group>"; };
		AFF5A4FA21B0ACEA00F275DB /* Info.plist */ = {isa = PBXFileReference; lastKnownFileType = text.plist.xml; path = Info.plist; sourceTree = "<group>"; };
		AFF5A50021B0BE4500F275DB /* Budget.swift */ = {isa = PBXFileReference; lastKnownFileType = sourcecode.swift; path = Budget.swift; sourceTree = "<group>"; };
		AFF5A50221B0C09600F275DB /* Transaction.swift */ = {isa = PBXFileReference; lastKnownFileType = sourcecode.swift; path = Transaction.swift; sourceTree = "<group>"; };
		AFF5A50421B0CEF700F275DB /* Bank.swift */ = {isa = PBXFileReference; lastKnownFileType = sourcecode.swift; path = Bank.swift; sourceTree = "<group>"; };
		AFF5A50721B0D00800F275DB /* BudgetTableViewCell.swift */ = {isa = PBXFileReference; lastKnownFileType = sourcecode.swift; path = BudgetTableViewCell.swift; sourceTree = "<group>"; };
		AFF5A50B21B0FCCF00F275DB /* CircleView.swift */ = {isa = PBXFileReference; lastKnownFileType = sourcecode.swift; path = CircleView.swift; sourceTree = "<group>"; };
/* End PBXFileReference section */

/* Begin PBXFrameworksBuildPhase section */
		AFF5A4E821B0ACE900F275DB /* Frameworks */ = {
			isa = PBXFrameworksBuildPhase;
			buildActionMask = 2147483647;
			files = (
			);
			runOnlyForDeploymentPostprocessing = 0;
		};
/* End PBXFrameworksBuildPhase section */

/* Begin PBXGroup section */
		AFF5A4E221B0ACE900F275DB = {
			isa = PBXGroup;
			children = (
				AFF5A4ED21B0ACE900F275DB /* CollegeBudget */,
				AFF5A4EC21B0ACE900F275DB /* Products */,
			);
			sourceTree = "<group>";
		};
		AFF5A4EC21B0ACE900F275DB /* Products */ = {
			isa = PBXGroup;
			children = (
				AFF5A4EB21B0ACE900F275DB /* CollegeBudget.app */,
			);
			name = Products;
			sourceTree = "<group>";
		};
		AFF5A4ED21B0ACE900F275DB /* CollegeBudget */ = {
			isa = PBXGroup;
			children = (
				AFF5A4EE21B0ACE900F275DB /* AppDelegate.swift */,
				AFF5A4F021B0ACE900F275DB /* MainScreenViewController.swift */,
				AFF5A4F221B0ACE900F275DB /* Main.storyboard */,
				AFF5A4F521B0ACEA00F275DB /* Assets.xcassets */,
				AFF5A4F721B0ACEA00F275DB /* LaunchScreen.storyboard */,
				AFF5A4FA21B0ACEA00F275DB /* Info.plist */,
				AFF5A50721B0D00800F275DB /* BudgetTableViewCell.swift */,
				AFF5A50621B0CF2600F275DB /* Model */,
				AFF5A50B21B0FCCF00F275DB /* CircleView.swift */,
			);
			path = CollegeBudget;
			sourceTree = "<group>";
		};
		AFF5A50621B0CF2600F275DB /* Model */ = {
			isa = PBXGroup;
			children = (
				AFF5A50021B0BE4500F275DB /* Budget.swift */,
				AFF5A50221B0C09600F275DB /* Transaction.swift */,
				AFF5A50421B0CEF700F275DB /* Bank.swift */,
			);
			path = Model;
			sourceTree = "<group>";
		};
/* End PBXGroup section */

/* Begin PBXNativeTarget section */
		AFF5A4EA21B0ACE900F275DB /* CollegeBudget */ = {
			isa = PBXNativeTarget;
			buildConfigurationList = AFF5A4FD21B0ACEA00F275DB /* Build configuration list for PBXNativeTarget "CollegeBudget" */;
			buildPhases = (
				AFF5A4E721B0ACE900F275DB /* Sources */,
				AFF5A4E821B0ACE900F275DB /* Frameworks */,
				AFF5A4E921B0ACE900F275DB /* Resources */,
			);
			buildRules = (
			);
			dependencies = (
			);
			name = CollegeBudget;
			productName = CollegeBudget;
			productReference = AFF5A4EB21B0ACE900F275DB /* CollegeBudget.app */;
			productType = "com.apple.product-type.application";
		};
/* End PBXNativeTarget section */

/* Begin PBXProject section */
		AFF5A4E321B0ACE900F275DB /* Project object */ = {
			isa = PBXProject;
			attributes = {
				LastSwiftUpdateCheck = 0940;
				LastUpgradeCheck = 0940;
				ORGANIZATIONNAME = "Nicholas Romano";
				TargetAttributes = {
					AFF5A4EA21B0ACE900F275DB = {
						CreatedOnToolsVersion = 9.4.1;
					};
				};
			};
			buildConfigurationList = AFF5A4E621B0ACE900F275DB /* Build configuration list for PBXProject "CollegeBudget" */;
			compatibilityVersion = "Xcode 9.3";
			developmentRegion = en;
			hasScannedForEncodings = 0;
			knownRegions = (
				en,
				Base,
			);
			mainGroup = AFF5A4E221B0ACE900F275DB;
			productRefGroup = AFF5A4EC21B0ACE900F275DB /* Products */;
			projectDirPath = "";
			projectRoot = "";
			targets = (
				AFF5A4EA21B0ACE900F275DB /* CollegeBudget */,
			);
		};
/* End PBXProject section */

/* Begin PBXResourcesBuildPhase section */
		AFF5A4E921B0ACE900F275DB /* Resources */ = {
			isa = PBXResourcesBuildPhase;
			buildActionMask = 2147483647;
			files = (
				AFF5A4F921B0ACEA00F275DB /* LaunchScreen.storyboard in Resources */,
				AFF5A4F621B0ACEA00F275DB /* Assets.xcassets in Resources */,
				AFF5A4F421B0ACE900F275DB /* Main.storyboard in Resources */,
			);
			runOnlyForDeploymentPostprocessing = 0;
		};
/* End PBXResourcesBuildPhase section */

/* Begin PBXSourcesBuildPhase section */
		AFF5A4E721B0ACE900F275DB /* Sources */ = {
			isa = PBXSourcesBuildPhase;
			buildActionMask = 2147483647;
			files = (
				AFF5A4F121B0ACE900F275DB /* MainScreenViewController.swift in Sources */,
				AFF5A4EF21B0ACE900F275DB /* AppDelegate.swift in Sources */,
				AFF5A50521B0CEF700F275DB /* Bank.swift in Sources */,
				AFF5A50821B0D00800F275DB /* BudgetTableViewCell.swift in Sources */,
				AFF5A50321B0C09600F275DB /* Transaction.swift in Sources */,
				AFF5A50C21B0FCCF00F275DB /* CircleView.swift in Sources */,
				AFF5A50121B0BE4500F275DB /* Budget.swift in Sources */,
			);
			runOnlyForDeploymentPostprocessing = 0;
		};
/* End PBXSourcesBuildPhase section */

/* Begin PBXVariantGroup section */
		AFF5A4F221B0ACE900F275DB /* Main.storyboard */ = {
			isa = PBXVariantGroup;
			children = (
				AFF5A4F321B0ACE900F275DB /* Base */,
			);
			name = Main.storyboard;
			sourceTree = "<group>";
		};
		AFF5A4F721B0ACEA00F275DB /* LaunchScreen.storyboard */ = {
			isa = PBXVariantGroup;
			children = (
				AFF5A4F821B0ACEA00F275DB /* Base */,
			);
			name = LaunchScreen.storyboard;
			sourceTree = "<group>";
		};
/* End PBXVariantGroup section */

/* Begin XCBuildConfiguration section */
		AFF5A4FB21B0ACEA00F275DB /* Debug */ = {
			isa = XCBuildConfiguration;
			buildSettings = {
				ALWAYS_SEARCH_USER_PATHS = NO;
				CLANG_ANALYZER_NONNULL = YES;
				CLANG_ANALYZER_NUMBER_OBJECT_CONVERSION = YES_AGGRESSIVE;
				CLANG_CXX_LANGUAGE_STANDARD = "gnu++14";
				CLANG_CXX_LIBRARY = "libc++";
				CLANG_ENABLE_MODULES = YES;
				CLANG_ENABLE_OBJC_ARC = YES;
				CLANG_ENABLE_OBJC_WEAK = YES;
				CLANG_WARN_BLOCK_CAPTURE_AUTORELEASING = YES;
				CLANG_WARN_BOOL_CONVERSION = YES;
				CLANG_WARN_COMMA = YES;
				CLANG_WARN_CONSTANT_CONVERSION = YES;
				CLANG_WARN_DEPRECATED_OBJC_IMPLEMENTATIONS = YES;
				CLANG_WARN_DIRECT_OBJC_ISA_USAGE = YES_ERROR;
				CLANG_WARN_DOCUMENTATION_COMMENTS = YES;
				CLANG_WARN_EMPTY_BODY = YES;
				CLANG_WARN_ENUM_CONVERSION = YES;
				CLANG_WARN_INFINITE_RECURSION = YES;
				CLANG_WARN_INT_CONVERSION = YES;
				CLANG_WARN_NON_LITERAL_NULL_CONVERSION = YES;
				CLANG_WARN_OBJC_IMPLICIT_RETAIN_SELF = YES;
				CLANG_WARN_OBJC_LITERAL_CONVERSION = YES;
				CLANG_WARN_OBJC_ROOT_CLASS = YES_ERROR;
				CLANG_WARN_RANGE_LOOP_ANALYSIS = YES;
				CLANG_WARN_STRICT_PROTOTYPES = YES;
				CLANG_WARN_SUSPICIOUS_MOVE = YES;
				CLANG_WARN_UNGUARDED_AVAILABILITY = YES_AGGRESSIVE;
				CLANG_WARN_UNREACHABLE_CODE = YES;
				CLANG_WARN__DUPLICATE_METHOD_MATCH = YES;
				CODE_SIGN_IDENTITY = "iPhone Developer";
				COPY_PHASE_STRIP = NO;
				DEBUG_INFORMATION_FORMAT = dwarf;
				ENABLE_STRICT_OBJC_MSGSEND = YES;
				ENABLE_TESTABILITY = YES;
				GCC_C_LANGUAGE_STANDARD = gnu11;
				GCC_DYNAMIC_NO_PIC = NO;
				GCC_NO_COMMON_BLOCKS = YES;
				GCC_OPTIMIZATION_LEVEL = 0;
				GCC_PREPROCESSOR_DEFINITIONS = (
					"DEBUG=1",
					"$(inherited)",
				);
				GCC_WARN_64_TO_32_BIT_CONVERSION = YES;
				GCC_WARN_ABOUT_RETURN_TYPE = YES_ERROR;
				GCC_WARN_UNDECLARED_SELECTOR = YES;
				GCC_WARN_UNINITIALIZED_AUTOS = YES_AGGRESSIVE;
				GCC_WARN_UNUSED_FUNCTION = YES;
				GCC_WARN_UNUSED_VARIABLE = YES;
				IPHONEOS_DEPLOYMENT_TARGET = 11.4;
				MTL_ENABLE_DEBUG_INFO = YES;
				ONLY_ACTIVE_ARCH = YES;
				SDKROOT = iphoneos;
				SWIFT_ACTIVE_COMPILATION_CONDITIONS = DEBUG;
				SWIFT_OPTIMIZATION_LEVEL = "-Onone";
			};
			name = Debug;
		};
		AFF5A4FC21B0ACEA00F275DB /* Release */ = {
			isa = XCBuildConfiguration;
			buildSettings = {
				ALWAYS_SEARCH_USER_PATHS = NO;
				CLANG_ANALYZER_NONNULL = YES;
				CLANG_ANALYZER_NUMBER_OBJECT_CONVERSION = YES_AGGRESSIVE;
				CLANG_CXX_LANGUAGE_STANDARD = "gnu++14";
				CLANG_CXX_LIBRARY = "libc++";
				CLANG_ENABLE_MODULES = YES;
				CLANG_ENABLE_OBJC_ARC = YES;
				CLANG_ENABLE_OBJC_WEAK = YES;
				CLANG_WARN_BLOCK_CAPTURE_AUTORELEASING = YES;
				CLANG_WARN_BOOL_CONVERSION = YES;
				CLANG_WARN_COMMA = YES;
				CLANG_WARN_CONSTANT_CONVERSION = YES;
				CLANG_WARN_DEPRECATED_OBJC_IMPLEMENTATIONS = YES;
				CLANG_WARN_DIRECT_OBJC_ISA_USAGE = YES_ERROR;
				CLANG_WARN_DOCUMENTATION_COMMENTS = YES;
				CLANG_WARN_EMPTY_BODY = YES;
				CLANG_WARN_ENUM_CONVERSION = YES;
				CLANG_WARN_INFINITE_RECURSION = YES;
				CLANG_WARN_INT_CONVERSION = YES;
				CLANG_WARN_NON_LITERAL_NULL_CONVERSION = YES;
				CLANG_WARN_OBJC_IMPLICIT_RETAIN_SELF = YES;
				CLANG_WARN_OBJC_LITERAL_CONVERSION = YES;
				CLANG_WARN_OBJC_ROOT_CLASS = YES_ERROR;
				CLANG_WARN_RANGE_LOOP_ANALYSIS = YES;
				CLANG_WARN_STRICT_PROTOTYPES = YES;
				CLANG_WARN_SUSPICIOUS_MOVE = YES;
				CLANG_WARN_UNGUARDED_AVAILABILITY = YES_AGGRESSIVE;
				CLANG_WARN_UNREACHABLE_CODE = YES;
				CLANG_WARN__DUPLICATE_METHOD_MATCH = YES;
				CODE_SIGN_IDENTITY = "iPhone Developer";
				COPY_PHASE_STRIP = NO;
				DEBUG_INFORMATION_FORMAT = "dwarf-with-dsym";
				ENABLE_NS_ASSERTIONS = NO;
				ENABLE_STRICT_OBJC_MSGSEND = YES;
				GCC_C_LANGUAGE_STANDARD = gnu11;
				GCC_NO_COMMON_BLOCKS = YES;
				GCC_WARN_64_TO_32_BIT_CONVERSION = YES;
				GCC_WARN_ABOUT_RETURN_TYPE = YES_ERROR;
				GCC_WARN_UNDECLARED_SELECTOR = YES;
				GCC_WARN_UNINITIALIZED_AUTOS = YES_AGGRESSIVE;
				GCC_WARN_UNUSED_FUNCTION = YES;
				GCC_WARN_UNUSED_VARIABLE = YES;
				IPHONEOS_DEPLOYMENT_TARGET = 11.4;
				MTL_ENABLE_DEBUG_INFO = NO;
				SDKROOT = iphoneos;
				SWIFT_COMPILATION_MODE = wholemodule;
				SWIFT_OPTIMIZATION_LEVEL = "-O";
				VALIDATE_PRODUCT = YES;
			};
			name = Release;
		};
		AFF5A4FE21B0ACEA00F275DB /* Debug */ = {
			isa = XCBuildConfiguration;
			buildSettings = {
				ASSETCATALOG_COMPILER_APPICON_NAME = AppIcon;
				CODE_SIGN_STYLE = Automatic;
				DEVELOPMENT_TEAM = 33A4PKE82K;
				INFOPLIST_FILE = CollegeBudget/Info.plist;
				LD_RUNPATH_SEARCH_PATHS = (
					"$(inherited)",
					"@executable_path/Frameworks",
				);
				PRODUCT_BUNDLE_IDENTIFIER = com.njrom.CollegeBudget;
				PRODUCT_NAME = "$(TARGET_NAME)";
				SWIFT_VERSION = 4.0;
				TARGETED_DEVICE_FAMILY = "1,2";
			};
			name = Debug;
		};
		AFF5A4FF21B0ACEA00F275DB /* Release */ = {
			isa = XCBuildConfiguration;
			buildSettings = {
				ASSETCATALOG_COMPILER_APPICON_NAME = AppIcon;
				CODE_SIGN_STYLE = Automatic;
				DEVELOPMENT_TEAM = 33A4PKE82K;
				INFOPLIST_FILE = CollegeBudget/Info.plist;
				LD_RUNPATH_SEARCH_PATHS = (
					"$(inherited)",
					"@executable_path/Frameworks",
				);
				PRODUCT_BUNDLE_IDENTIFIER = com.njrom.CollegeBudget;
				PRODUCT_NAME = "$(TARGET_NAME)";
				SWIFT_VERSION = 4.0;
				TARGETED_DEVICE_FAMILY = "1,2";
			};
			name = Release;
		};
/* End XCBuildConfiguration section */

/* Begin XCConfigurationList section */
		AFF5A4E621B0ACE900F275DB /* Build configuration list for PBXProject "CollegeBudget" */ = {
			isa = XCConfigurationList;
			buildConfigurations = (
				AFF5A4FB21B0ACEA00F275DB /* Debug */,
				AFF5A4FC21B0ACEA00F275DB /* Release */,
			);
			defaultConfigurationIsVisible = 0;
			defaultConfigurationName = Release;
		};
		AFF5A4FD21B0ACEA00F275DB /* Build configuration list for PBXNativeTarget "CollegeBudget" */ = {
			isa = XCConfigurationList;
			buildConfigurations = (
				AFF5A4FE21B0ACEA00F275DB /* Debug */,
				AFF5A4FF21B0ACEA00F275DB /* Release */,
			);
			defaultConfigurationIsVisible = 0;
			defaultConfigurationName = Release;
		};
/* End XCConfigurationList section */
	};
	rootObject = AFF5A4E321B0ACE900F275DB /* Project object */;
}
